// !$*UTF8*$!
{
	archiveVersion = 1;
	classes = {
	};
	objectVersion = 55;
	objects = {

/* Begin PBXBuildFile section */
		9230D539288F6B1900CFBC11 /* UIColor.swift in Sources */ = {isa = PBXBuildFile; fileRef = 9230D538288F6B1900CFBC11 /* UIColor.swift */; };
		9230D53B288F84C200CFBC11 /* JoinViewController.swift in Sources */ = {isa = PBXBuildFile; fileRef = 9230D53A288F84C200CFBC11 /* JoinViewController.swift */; };
		9230D53D288F9CD500CFBC11 /* PhoneNumberOrEmailJoinViewController.swift in Sources */ = {isa = PBXBuildFile; fileRef = 9230D53C288F9CD500CFBC11 /* PhoneNumberOrEmailJoinViewController.swift */; };
		9230D53F288FB6E400CFBC11 /* PhoneNumberJoinViewController.swift in Sources */ = {isa = PBXBuildFile; fileRef = 9230D53E288FB6E400CFBC11 /* PhoneNumberJoinViewController.swift */; };
		9230D541288FE26900CFBC11 /* EmailJoinViewController.swift in Sources */ = {isa = PBXBuildFile; fileRef = 9230D540288FE26900CFBC11 /* EmailJoinViewController.swift */; };
		9230D54328900E3B00CFBC11 /* VerificationCodeViewController.swift in Sources */ = {isa = PBXBuildFile; fileRef = 9230D54228900E3B00CFBC11 /* VerificationCodeViewController.swift */; };
		9230D5482890217B00CFBC11 /* PasswordViewController.swift in Sources */ = {isa = PBXBuildFile; fileRef = 9230D5472890217B00CFBC11 /* PasswordViewController.swift */; };
		9230D54A28902CC300CFBC11 /* BirthdayViewController.swift in Sources */ = {isa = PBXBuildFile; fileRef = 9230D54928902CC300CFBC11 /* BirthdayViewController.swift */; };
		9230D54C2890EC9900CFBC11 /* TermsViewController.swift in Sources */ = {isa = PBXBuildFile; fileRef = 9230D54B2890EC9900CFBC11 /* TermsViewController.swift */; };
		9230D54E2890F45100CFBC11 /* UserNameViewController.swift in Sources */ = {isa = PBXBuildFile; fileRef = 9230D54D2890F45100CFBC11 /* UserNameViewController.swift */; };
		9230D5502890F68400CFBC11 /* FinalConfirmationViewController.swift in Sources */ = {isa = PBXBuildFile; fileRef = 9230D54F2890F68400CFBC11 /* FinalConfirmationViewController.swift */; };
		9230D5522891404900CFBC11 /* HomeViewController.swift in Sources */ = {isa = PBXBuildFile; fileRef = 9230D5512891404900CFBC11 /* HomeViewController.swift */; };
		9230D55E289156B600CFBC11 /* HomeStoryCell.swift in Sources */ = {isa = PBXBuildFile; fileRef = 9230D55C289156B600CFBC11 /* HomeStoryCell.swift */; };
		9230D5682891617E00CFBC11 /* NameViewController.swift in Sources */ = {isa = PBXBuildFile; fileRef = 9230D5672891617E00CFBC11 /* NameViewController.swift */; };
		9230D5782892538300CFBC11 /* HomeFeedCell.swift in Sources */ = {isa = PBXBuildFile; fileRef = 9230D5772892538300CFBC11 /* HomeFeedCell.swift */; };
		9230D5852892D88600CFBC11 /* MyPageViewController.swift in Sources */ = {isa = PBXBuildFile; fileRef = 9230D5842892D88600CFBC11 /* MyPageViewController.swift */; };
		9230D5872892DC4700CFBC11 /* MyFeedViewController.swift in Sources */ = {isa = PBXBuildFile; fileRef = 9230D5862892DC4700CFBC11 /* MyFeedViewController.swift */; };
		9230D5892892DCE300CFBC11 /* TagViewController.swift in Sources */ = {isa = PBXBuildFile; fileRef = 9230D5882892DCE300CFBC11 /* TagViewController.swift */; };
		9230D58B2892E73500CFBC11 /* CommentViewController.swift in Sources */ = {isa = PBXBuildFile; fileRef = 9230D58A2892E73500CFBC11 /* CommentViewController.swift */; };
		9230D58D2893CAE200CFBC11 /* NotificationViewController.swift in Sources */ = {isa = PBXBuildFile; fileRef = 9230D58C2893CAE200CFBC11 /* NotificationViewController.swift */; };
		9261E318288E4F4D00A9094D /* AppDelegate.swift in Sources */ = {isa = PBXBuildFile; fileRef = 9261E317288E4F4D00A9094D /* AppDelegate.swift */; };
		9261E31A288E4F4D00A9094D /* SceneDelegate.swift in Sources */ = {isa = PBXBuildFile; fileRef = 9261E319288E4F4D00A9094D /* SceneDelegate.swift */; };
		9261E31C288E4F4D00A9094D /* LoginViewController.swift in Sources */ = {isa = PBXBuildFile; fileRef = 9261E31B288E4F4D00A9094D /* LoginViewController.swift */; };
		9261E31F288E4F4D00A9094D /* Main.storyboard in Resources */ = {isa = PBXBuildFile; fileRef = 9261E31D288E4F4D00A9094D /* Main.storyboard */; };
		9261E321288E4F4E00A9094D /* Assets.xcassets in Resources */ = {isa = PBXBuildFile; fileRef = 9261E320288E4F4E00A9094D /* Assets.xcassets */; };
		9261E324288E4F4E00A9094D /* LaunchScreen.storyboard in Resources */ = {isa = PBXBuildFile; fileRef = 9261E322288E4F4E00A9094D /* LaunchScreen.storyboard */; };
		9261E333288EE39400A9094D /* UITextField.swift in Sources */ = {isa = PBXBuildFile; fileRef = 9261E332288EE39400A9094D /* UITextField.swift */; };
/* End PBXBuildFile section */

/* Begin PBXFileReference section */
		9230D538288F6B1900CFBC11 /* UIColor.swift */ = {isa = PBXFileReference; lastKnownFileType = sourcecode.swift; path = UIColor.swift; sourceTree = "<group>"; };
		9230D53A288F84C200CFBC11 /* JoinViewController.swift */ = {isa = PBXFileReference; lastKnownFileType = sourcecode.swift; path = JoinViewController.swift; sourceTree = "<group>"; };
		9230D53C288F9CD500CFBC11 /* PhoneNumberOrEmailJoinViewController.swift */ = {isa = PBXFileReference; lastKnownFileType = sourcecode.swift; path = PhoneNumberOrEmailJoinViewController.swift; sourceTree = "<group>"; };
		9230D53E288FB6E400CFBC11 /* PhoneNumberJoinViewController.swift */ = {isa = PBXFileReference; lastKnownFileType = sourcecode.swift; path = PhoneNumberJoinViewController.swift; sourceTree = "<group>"; };
		9230D540288FE26900CFBC11 /* EmailJoinViewController.swift */ = {isa = PBXFileReference; lastKnownFileType = sourcecode.swift; path = EmailJoinViewController.swift; sourceTree = "<group>"; };
		9230D54228900E3B00CFBC11 /* VerificationCodeViewController.swift */ = {isa = PBXFileReference; lastKnownFileType = sourcecode.swift; path = VerificationCodeViewController.swift; sourceTree = "<group>"; };
		9230D5472890217B00CFBC11 /* PasswordViewController.swift */ = {isa = PBXFileReference; lastKnownFileType = sourcecode.swift; path = PasswordViewController.swift; sourceTree = "<group>"; };
		9230D54928902CC300CFBC11 /* BirthdayViewController.swift */ = {isa = PBXFileReference; lastKnownFileType = sourcecode.swift; path = BirthdayViewController.swift; sourceTree = "<group>"; };
		9230D54B2890EC9900CFBC11 /* TermsViewController.swift */ = {isa = PBXFileReference; lastKnownFileType = sourcecode.swift; path = TermsViewController.swift; sourceTree = "<group>"; };
		9230D54D2890F45100CFBC11 /* UserNameViewController.swift */ = {isa = PBXFileReference; lastKnownFileType = sourcecode.swift; path = UserNameViewController.swift; sourceTree = "<group>"; };
		9230D54F2890F68400CFBC11 /* FinalConfirmationViewController.swift */ = {isa = PBXFileReference; lastKnownFileType = sourcecode.swift; path = FinalConfirmationViewController.swift; sourceTree = "<group>"; };
		9230D5512891404900CFBC11 /* HomeViewController.swift */ = {isa = PBXFileReference; lastKnownFileType = sourcecode.swift; path = HomeViewController.swift; sourceTree = "<group>"; };
		9230D55C289156B600CFBC11 /* HomeStoryCell.swift */ = {isa = PBXFileReference; lastKnownFileType = sourcecode.swift; path = HomeStoryCell.swift; sourceTree = "<group>"; };
		9230D5672891617E00CFBC11 /* NameViewController.swift */ = {isa = PBXFileReference; fileEncoding = 4; lastKnownFileType = sourcecode.swift; path = NameViewController.swift; sourceTree = "<group>"; };
		9230D5772892538300CFBC11 /* HomeFeedCell.swift */ = {isa = PBXFileReference; lastKnownFileType = sourcecode.swift; path = HomeFeedCell.swift; sourceTree = "<group>"; };
		9230D5842892D88600CFBC11 /* MyPageViewController.swift */ = {isa = PBXFileReference; lastKnownFileType = sourcecode.swift; path = MyPageViewController.swift; sourceTree = "<group>"; };
		9230D5862892DC4700CFBC11 /* MyFeedViewController.swift */ = {isa = PBXFileReference; lastKnownFileType = sourcecode.swift; path = MyFeedViewController.swift; sourceTree = "<group>"; };
		9230D5882892DCE300CFBC11 /* TagViewController.swift */ = {isa = PBXFileReference; lastKnownFileType = sourcecode.swift; path = TagViewController.swift; sourceTree = "<group>"; };
		9230D58A2892E73500CFBC11 /* CommentViewController.swift */ = {isa = PBXFileReference; lastKnownFileType = sourcecode.swift; path = CommentViewController.swift; sourceTree = "<group>"; };
		9230D58C2893CAE200CFBC11 /* NotificationViewController.swift */ = {isa = PBXFileReference; lastKnownFileType = sourcecode.swift; path = NotificationViewController.swift; sourceTree = "<group>"; };
		9261E314288E4F4D00A9094D /* InstagramChallenge.app */ = {isa = PBXFileReference; explicitFileType = wrapper.application; includeInIndex = 0; path = InstagramChallenge.app; sourceTree = BUILT_PRODUCTS_DIR; };
		9261E317288E4F4D00A9094D /* AppDelegate.swift */ = {isa = PBXFileReference; lastKnownFileType = sourcecode.swift; path = AppDelegate.swift; sourceTree = "<group>"; };
		9261E319288E4F4D00A9094D /* SceneDelegate.swift */ = {isa = PBXFileReference; lastKnownFileType = sourcecode.swift; path = SceneDelegate.swift; sourceTree = "<group>"; };
		9261E31B288E4F4D00A9094D /* LoginViewController.swift */ = {isa = PBXFileReference; lastKnownFileType = sourcecode.swift; path = LoginViewController.swift; sourceTree = "<group>"; };
		9261E31E288E4F4D00A9094D /* Base */ = {isa = PBXFileReference; lastKnownFileType = file.storyboard; name = Base; path = Base.lproj/Main.storyboard; sourceTree = "<group>"; };
		9261E320288E4F4E00A9094D /* Assets.xcassets */ = {isa = PBXFileReference; lastKnownFileType = folder.assetcatalog; path = Assets.xcassets; sourceTree = "<group>"; };
		9261E323288E4F4E00A9094D /* Base */ = {isa = PBXFileReference; lastKnownFileType = file.storyboard; name = Base; path = Base.lproj/LaunchScreen.storyboard; sourceTree = "<group>"; };
		9261E325288E4F4E00A9094D /* Info.plist */ = {isa = PBXFileReference; lastKnownFileType = text.plist.xml; path = Info.plist; sourceTree = "<group>"; };
		9261E332288EE39400A9094D /* UITextField.swift */ = {isa = PBXFileReference; lastKnownFileType = sourcecode.swift; path = UITextField.swift; sourceTree = "<group>"; };
/* End PBXFileReference section */

/* Begin PBXFrameworksBuildPhase section */
		9261E311288E4F4D00A9094D /* Frameworks */ = {
			isa = PBXFrameworksBuildPhase;
			buildActionMask = 2147483647;
			files = (
			);
			runOnlyForDeploymentPostprocessing = 0;
		};
/* End PBXFrameworksBuildPhase section */

/* Begin PBXGroup section */
		9230D546289020CA00CFBC11 /* Intro */ = {
			isa = PBXGroup;
			children = (
				9261E31B288E4F4D00A9094D /* LoginViewController.swift */,
				9230D53A288F84C200CFBC11 /* JoinViewController.swift */,
				9230D53C288F9CD500CFBC11 /* PhoneNumberOrEmailJoinViewController.swift */,
				9230D53E288FB6E400CFBC11 /* PhoneNumberJoinViewController.swift */,
				9230D540288FE26900CFBC11 /* EmailJoinViewController.swift */,
				9230D54228900E3B00CFBC11 /* VerificationCodeViewController.swift */,
				9230D5672891617E00CFBC11 /* NameViewController.swift */,
				9230D5472890217B00CFBC11 /* PasswordViewController.swift */,
				9230D54928902CC300CFBC11 /* BirthdayViewController.swift */,
				9230D54B2890EC9900CFBC11 /* TermsViewController.swift */,
				9230D54D2890F45100CFBC11 /* UserNameViewController.swift */,
				9230D54F2890F68400CFBC11 /* FinalConfirmationViewController.swift */,
			);
			path = Intro;
			sourceTree = "<group>";
		};
		9230D56428915F6B00CFBC11 /* Main */ = {
			isa = PBXGroup;
			children = (
				9230D56A2891642E00CFBC11 /* Home */,
				9230D5812892D82100CFBC11 /* MyPage */,
			);
			path = Main;
			sourceTree = "<group>";
		};
		9230D5692891640900CFBC11 /* Storyboards */ = {
			isa = PBXGroup;
			children = (
				9261E322288E4F4E00A9094D /* LaunchScreen.storyboard */,
				9261E31D288E4F4D00A9094D /* Main.storyboard */,
			);
			path = Storyboards;
			sourceTree = "<group>";
		};
		9230D56A2891642E00CFBC11 /* Home */ = {
			isa = PBXGroup;
			children = (
				9230D5512891404900CFBC11 /* HomeViewController.swift */,
				9230D55C289156B600CFBC11 /* HomeStoryCell.swift */,
				9230D5772892538300CFBC11 /* HomeFeedCell.swift */,
				9230D58A2892E73500CFBC11 /* CommentViewController.swift */,
				9230D58C2893CAE200CFBC11 /* NotificationViewController.swift */,
			);
			path = Home;
			sourceTree = "<group>";
		};
		9230D5812892D82100CFBC11 /* MyPage */ = {
			isa = PBXGroup;
			children = (
				9230D5842892D88600CFBC11 /* MyPageViewController.swift */,
				9230D5862892DC4700CFBC11 /* MyFeedViewController.swift */,
				9230D5882892DCE300CFBC11 /* TagViewController.swift */,
			);
			path = MyPage;
			sourceTree = "<group>";
		};
		9261E30B288E4F4D00A9094D = {
			isa = PBXGroup;
			children = (
				9261E316288E4F4D00A9094D /* InstagramChallenge */,
				9261E315288E4F4D00A9094D /* Products */,
			);
			sourceTree = "<group>";
		};
		9261E315288E4F4D00A9094D /* Products */ = {
			isa = PBXGroup;
			children = (
				9261E314288E4F4D00A9094D /* InstagramChallenge.app */,
			);
			name = Products;
			sourceTree = "<group>";
		};
		9261E316288E4F4D00A9094D /* InstagramChallenge */ = {
			isa = PBXGroup;
			children = (
				9261E325288E4F4E00A9094D /* Info.plist */,
				9261E32F288E565000A9094D /* Resources */,
				9261E330288E566E00A9094D /* AppDelegate */,
				9261E331288EE37A00A9094D /* Extensions */,
				9261E32B288E50F600A9094D /* Models */,
				9261E32D288E518D00A9094D /* Views */,
				9261E32E288E519700A9094D /* Controllers */,
			);
			path = InstagramChallenge;
			sourceTree = "<group>";
		};
		9261E32B288E50F600A9094D /* Models */ = {
			isa = PBXGroup;
			children = (
			);
			path = Models;
			sourceTree = "<group>";
		};
		9261E32D288E518D00A9094D /* Views */ = {
			isa = PBXGroup;
			children = (
				9230D5692891640900CFBC11 /* Storyboards */,
			);
			path = Views;
			sourceTree = "<group>";
		};
		9261E32E288E519700A9094D /* Controllers */ = {
			isa = PBXGroup;
			children = (
				9230D546289020CA00CFBC11 /* Intro */,
				9230D56428915F6B00CFBC11 /* Main */,
			);
			path = Controllers;
			sourceTree = "<group>";
		};
		9261E32F288E565000A9094D /* Resources */ = {
			isa = PBXGroup;
			children = (
				9261E320288E4F4E00A9094D /* Assets.xcassets */,
			);
			path = Resources;
			sourceTree = "<group>";
		};
		9261E330288E566E00A9094D /* AppDelegate */ = {
			isa = PBXGroup;
			children = (
				9261E317288E4F4D00A9094D /* AppDelegate.swift */,
				9261E319288E4F4D00A9094D /* SceneDelegate.swift */,
			);
			path = AppDelegate;
			sourceTree = "<group>";
		};
		9261E331288EE37A00A9094D /* Extensions */ = {
			isa = PBXGroup;
			children = (
				9261E332288EE39400A9094D /* UITextField.swift */,
				9230D538288F6B1900CFBC11 /* UIColor.swift */,
			);
			path = Extensions;
			sourceTree = "<group>";
		};
/* End PBXGroup section */

/* Begin PBXNativeTarget section */
		9261E313288E4F4D00A9094D /* InstagramChallenge */ = {
			isa = PBXNativeTarget;
			buildConfigurationList = 9261E328288E4F4E00A9094D /* Build configuration list for PBXNativeTarget "InstagramChallenge" */;
			buildPhases = (
				9261E310288E4F4D00A9094D /* Sources */,
				9261E311288E4F4D00A9094D /* Frameworks */,
				9261E312288E4F4D00A9094D /* Resources */,
			);
			buildRules = (
			);
			dependencies = (
			);
			name = InstagramChallenge;
			productName = InstagramChallenge;
			productReference = 9261E314288E4F4D00A9094D /* InstagramChallenge.app */;
			productType = "com.apple.product-type.application";
		};
/* End PBXNativeTarget section */

/* Begin PBXProject section */
		9261E30C288E4F4D00A9094D /* Project object */ = {
			isa = PBXProject;
			attributes = {
				BuildIndependentTargetsInParallel = 1;
				LastSwiftUpdateCheck = 1320;
				LastUpgradeCheck = 1320;
				TargetAttributes = {
					9261E313288E4F4D00A9094D = {
						CreatedOnToolsVersion = 13.2.1;
					};
				};
			};
			buildConfigurationList = 9261E30F288E4F4D00A9094D /* Build configuration list for PBXProject "InstagramChallenge" */;
			compatibilityVersion = "Xcode 13.0";
			developmentRegion = en;
			hasScannedForEncodings = 0;
			knownRegions = (
				en,
				Base,
			);
			mainGroup = 9261E30B288E4F4D00A9094D;
			productRefGroup = 9261E315288E4F4D00A9094D /* Products */;
			projectDirPath = "";
			projectRoot = "";
			targets = (
				9261E313288E4F4D00A9094D /* InstagramChallenge */,
			);
		};
/* End PBXProject section */

/* Begin PBXResourcesBuildPhase section */
		9261E312288E4F4D00A9094D /* Resources */ = {
			isa = PBXResourcesBuildPhase;
			buildActionMask = 2147483647;
			files = (
				9261E324288E4F4E00A9094D /* LaunchScreen.storyboard in Resources */,
				9261E321288E4F4E00A9094D /* Assets.xcassets in Resources */,
				9261E31F288E4F4D00A9094D /* Main.storyboard in Resources */,
			);
			runOnlyForDeploymentPostprocessing = 0;
		};
/* End PBXResourcesBuildPhase section */

/* Begin PBXSourcesBuildPhase section */
		9261E310288E4F4D00A9094D /* Sources */ = {
			isa = PBXSourcesBuildPhase;
			buildActionMask = 2147483647;
			files = (
				9230D5682891617E00CFBC11 /* NameViewController.swift in Sources */,
				9230D53F288FB6E400CFBC11 /* PhoneNumberJoinViewController.swift in Sources */,
				9230D58D2893CAE200CFBC11 /* NotificationViewController.swift in Sources */,
				9261E31C288E4F4D00A9094D /* LoginViewController.swift in Sources */,
				9230D5502890F68400CFBC11 /* FinalConfirmationViewController.swift in Sources */,
				9230D5522891404900CFBC11 /* HomeViewController.swift in Sources */,
				9261E318288E4F4D00A9094D /* AppDelegate.swift in Sources */,
				9230D54A28902CC300CFBC11 /* BirthdayViewController.swift in Sources */,
				9230D5872892DC4700CFBC11 /* MyFeedViewController.swift in Sources */,
				9230D5782892538300CFBC11 /* HomeFeedCell.swift in Sources */,
				9230D54E2890F45100CFBC11 /* UserNameViewController.swift in Sources */,
				9261E31A288E4F4D00A9094D /* SceneDelegate.swift in Sources */,
				9261E333288EE39400A9094D /* UITextField.swift in Sources */,
				9230D54C2890EC9900CFBC11 /* TermsViewController.swift in Sources */,
				9230D55E289156B600CFBC11 /* HomeStoryCell.swift in Sources */,
				9230D5482890217B00CFBC11 /* PasswordViewController.swift in Sources */,
				9230D53D288F9CD500CFBC11 /* PhoneNumberOrEmailJoinViewController.swift in Sources */,
				9230D5852892D88600CFBC11 /* MyPageViewController.swift in Sources */,
				9230D5892892DCE300CFBC11 /* TagViewController.swift in Sources */,
				9230D541288FE26900CFBC11 /* EmailJoinViewController.swift in Sources */,
				9230D53B288F84C200CFBC11 /* JoinViewController.swift in Sources */,
				9230D54328900E3B00CFBC11 /* VerificationCodeViewController.swift in Sources */,
				9230D539288F6B1900CFBC11 /* UIColor.swift in Sources */,
				9230D58B2892E73500CFBC11 /* CommentViewController.swift in Sources */,
			);
			runOnlyForDeploymentPostprocessing = 0;
		};
/* End PBXSourcesBuildPhase section */

/* Begin PBXVariantGroup section */
		9261E31D288E4F4D00A9094D /* Main.storyboard */ = {
			isa = PBXVariantGroup;
			children = (
				9261E31E288E4F4D00A9094D /* Base */,
			);
			name = Main.storyboard;
			sourceTree = "<group>";
		};
		9261E322288E4F4E00A9094D /* LaunchScreen.storyboard */ = {
			isa = PBXVariantGroup;
			children = (
				9261E323288E4F4E00A9094D /* Base */,
			);
			name = LaunchScreen.storyboard;
			sourceTree = "<group>";
		};
/* End PBXVariantGroup section */

/* Begin XCBuildConfiguration section */
		9261E326288E4F4E00A9094D /* Debug */ = {
			isa = XCBuildConfiguration;
			buildSettings = {
				ALWAYS_SEARCH_USER_PATHS = NO;
				CLANG_ANALYZER_NONNULL = YES;
				CLANG_ANALYZER_NUMBER_OBJECT_CONVERSION = YES_AGGRESSIVE;
				CLANG_CXX_LANGUAGE_STANDARD = "gnu++17";
				CLANG_CXX_LIBRARY = "libc++";
				CLANG_ENABLE_MODULES = YES;
				CLANG_ENABLE_OBJC_ARC = YES;
				CLANG_ENABLE_OBJC_WEAK = YES;
				CLANG_WARN_BLOCK_CAPTURE_AUTORELEASING = YES;
				CLANG_WARN_BOOL_CONVERSION = YES;
				CLANG_WARN_COMMA = YES;
				CLANG_WARN_CONSTANT_CONVERSION = YES;
				CLANG_WARN_DEPRECATED_OBJC_IMPLEMENTATIONS = YES;
				CLANG_WARN_DIRECT_OBJC_ISA_USAGE = YES_ERROR;
				CLANG_WARN_DOCUMENTATION_COMMENTS = YES;
				CLANG_WARN_EMPTY_BODY = YES;
				CLANG_WARN_ENUM_CONVERSION = YES;
				CLANG_WARN_INFINITE_RECURSION = YES;
				CLANG_WARN_INT_CONVERSION = YES;
				CLANG_WARN_NON_LITERAL_NULL_CONVERSION = YES;
				CLANG_WARN_OBJC_IMPLICIT_RETAIN_SELF = YES;
				CLANG_WARN_OBJC_LITERAL_CONVERSION = YES;
				CLANG_WARN_OBJC_ROOT_CLASS = YES_ERROR;
				CLANG_WARN_QUOTED_INCLUDE_IN_FRAMEWORK_HEADER = YES;
				CLANG_WARN_RANGE_LOOP_ANALYSIS = YES;
				CLANG_WARN_STRICT_PROTOTYPES = YES;
				CLANG_WARN_SUSPICIOUS_MOVE = YES;
				CLANG_WARN_UNGUARDED_AVAILABILITY = YES_AGGRESSIVE;
				CLANG_WARN_UNREACHABLE_CODE = YES;
				CLANG_WARN__DUPLICATE_METHOD_MATCH = YES;
				COPY_PHASE_STRIP = NO;
				DEBUG_INFORMATION_FORMAT = dwarf;
				ENABLE_STRICT_OBJC_MSGSEND = YES;
				ENABLE_TESTABILITY = YES;
				GCC_C_LANGUAGE_STANDARD = gnu11;
				GCC_DYNAMIC_NO_PIC = NO;
				GCC_NO_COMMON_BLOCKS = YES;
				GCC_OPTIMIZATION_LEVEL = 0;
				GCC_PREPROCESSOR_DEFINITIONS = (
					"DEBUG=1",
					"$(inherited)",
				);
				GCC_WARN_64_TO_32_BIT_CONVERSION = YES;
				GCC_WARN_ABOUT_RETURN_TYPE = YES_ERROR;
				GCC_WARN_UNDECLARED_SELECTOR = YES;
				GCC_WARN_UNINITIALIZED_AUTOS = YES_AGGRESSIVE;
				GCC_WARN_UNUSED_FUNCTION = YES;
				GCC_WARN_UNUSED_VARIABLE = YES;
				IPHONEOS_DEPLOYMENT_TARGET = 15.2;
				MTL_ENABLE_DEBUG_INFO = INCLUDE_SOURCE;
				MTL_FAST_MATH = YES;
				ONLY_ACTIVE_ARCH = YES;
				SDKROOT = iphoneos;
				SWIFT_ACTIVE_COMPILATION_CONDITIONS = DEBUG;
				SWIFT_OPTIMIZATION_LEVEL = "-Onone";
			};
			name = Debug;
		};
		9261E327288E4F4E00A9094D /* Release */ = {
			isa = XCBuildConfiguration;
			buildSettings = {
				ALWAYS_SEARCH_USER_PATHS = NO;
				CLANG_ANALYZER_NONNULL = YES;
				CLANG_ANALYZER_NUMBER_OBJECT_CONVERSION = YES_AGGRESSIVE;
				CLANG_CXX_LANGUAGE_STANDARD = "gnu++17";
				CLANG_CXX_LIBRARY = "libc++";
				CLANG_ENABLE_MODULES = YES;
				CLANG_ENABLE_OBJC_ARC = YES;
				CLANG_ENABLE_OBJC_WEAK = YES;
				CLANG_WARN_BLOCK_CAPTURE_AUTORELEASING = YES;
				CLANG_WARN_BOOL_CONVERSION = YES;
				CLANG_WARN_COMMA = YES;
				CLANG_WARN_CONSTANT_CONVERSION = YES;
				CLANG_WARN_DEPRECATED_OBJC_IMPLEMENTATIONS = YES;
				CLANG_WARN_DIRECT_OBJC_ISA_USAGE = YES_ERROR;
				CLANG_WARN_DOCUMENTATION_COMMENTS = YES;
				CLANG_WARN_EMPTY_BODY = YES;
				CLANG_WARN_ENUM_CONVERSION = YES;
				CLANG_WARN_INFINITE_RECURSION = YES;
				CLANG_WARN_INT_CONVERSION = YES;
				CLANG_WARN_NON_LITERAL_NULL_CONVERSION = YES;
				CLANG_WARN_OBJC_IMPLICIT_RETAIN_SELF = YES;
				CLANG_WARN_OBJC_LITERAL_CONVERSION = YES;
				CLANG_WARN_OBJC_ROOT_CLASS = YES_ERROR;
				CLANG_WARN_QUOTED_INCLUDE_IN_FRAMEWORK_HEADER = YES;
				CLANG_WARN_RANGE_LOOP_ANALYSIS = YES;
				CLANG_WARN_STRICT_PROTOTYPES = YES;
				CLANG_WARN_SUSPICIOUS_MOVE = YES;
				CLANG_WARN_UNGUARDED_AVAILABILITY = YES_AGGRESSIVE;
				CLANG_WARN_UNREACHABLE_CODE = YES;
				CLANG_WARN__DUPLICATE_METHOD_MATCH = YES;
				COPY_PHASE_STRIP = NO;
				DEBUG_INFORMATION_FORMAT = "dwarf-with-dsym";
				ENABLE_NS_ASSERTIONS = NO;
				ENABLE_STRICT_OBJC_MSGSEND = YES;
				GCC_C_LANGUAGE_STANDARD = gnu11;
				GCC_NO_COMMON_BLOCKS = YES;
				GCC_WARN_64_TO_32_BIT_CONVERSION = YES;
				GCC_WARN_ABOUT_RETURN_TYPE = YES_ERROR;
				GCC_WARN_UNDECLARED_SELECTOR = YES;
				GCC_WARN_UNINITIALIZED_AUTOS = YES_AGGRESSIVE;
				GCC_WARN_UNUSED_FUNCTION = YES;
				GCC_WARN_UNUSED_VARIABLE = YES;
				IPHONEOS_DEPLOYMENT_TARGET = 15.2;
				MTL_ENABLE_DEBUG_INFO = NO;
				MTL_FAST_MATH = YES;
				SDKROOT = iphoneos;
				SWIFT_COMPILATION_MODE = wholemodule;
				SWIFT_OPTIMIZATION_LEVEL = "-O";
				VALIDATE_PRODUCT = YES;
			};
			name = Release;
		};
		9261E329288E4F4E00A9094D /* Debug */ = {
			isa = XCBuildConfiguration;
			buildSettings = {
				ASSETCATALOG_COMPILER_APPICON_NAME = AppIcon;
				ASSETCATALOG_COMPILER_GLOBAL_ACCENT_COLOR_NAME = AccentColor;
				CODE_SIGN_STYLE = Automatic;
				CURRENT_PROJECT_VERSION = 1;
				DEVELOPMENT_TEAM = "";
				GENERATE_INFOPLIST_FILE = YES;
				INFOPLIST_FILE = InstagramChallenge/Info.plist;
				INFOPLIST_KEY_UIApplicationSupportsIndirectInputEvents = YES;
				INFOPLIST_KEY_UILaunchStoryboardName = LaunchScreen;
				INFOPLIST_KEY_UIMainStoryboardFile = Main;
				INFOPLIST_KEY_UISupportedInterfaceOrientations_iPad = "UIInterfaceOrientationPortrait UIInterfaceOrientationPortraitUpsideDown UIInterfaceOrientationLandscapeLeft UIInterfaceOrientationLandscapeRight";
				INFOPLIST_KEY_UISupportedInterfaceOrientations_iPhone = "UIInterfaceOrientationPortrait UIInterfaceOrientationLandscapeLeft UIInterfaceOrientationLandscapeRight";
				LD_RUNPATH_SEARCH_PATHS = (
					"$(inherited)",
					"@executable_path/Frameworks",
				);
				MARKETING_VERSION = 1.0;
				PRODUCT_BUNDLE_IDENTIFIER = com.softsquared.gridgeTest.ios.InstagraChallenge.InstagramChallenge;
				PRODUCT_NAME = "$(TARGET_NAME)";
				SWIFT_EMIT_LOC_STRINGS = YES;
				SWIFT_VERSION = 5.0;
				TARGETED_DEVICE_FAMILY = "1,2";
			};
			name = Debug;
		};
		9261E32A288E4F4E00A9094D /* Release */ = {
			isa = XCBuildConfiguration;
			buildSettings = {
				ASSETCATALOG_COMPILER_APPICON_NAME = AppIcon;
				ASSETCATALOG_COMPILER_GLOBAL_ACCENT_COLOR_NAME = AccentColor;
				CODE_SIGN_STYLE = Automatic;
				CURRENT_PROJECT_VERSION = 1;
				DEVELOPMENT_TEAM = "";
				GENERATE_INFOPLIST_FILE = YES;
				INFOPLIST_FILE = InstagramChallenge/Info.plist;
				INFOPLIST_KEY_UIApplicationSupportsIndirectInputEvents = YES;
				INFOPLIST_KEY_UILaunchStoryboardName = LaunchScreen;
				INFOPLIST_KEY_UIMainStoryboardFile = Main;
				INFOPLIST_KEY_UISupportedInterfaceOrientations_iPad = "UIInterfaceOrientationPortrait UIInterfaceOrientationPortraitUpsideDown UIInterfaceOrientationLandscapeLeft UIInterfaceOrientationLandscapeRight";
				INFOPLIST_KEY_UISupportedInterfaceOrientations_iPhone = "UIInterfaceOrientationPortrait UIInterfaceOrientationLandscapeLeft UIInterfaceOrientationLandscapeRight";
				LD_RUNPATH_SEARCH_PATHS = (
					"$(inherited)",
					"@executable_path/Frameworks",
				);
				MARKETING_VERSION = 1.0;
				PRODUCT_BUNDLE_IDENTIFIER = com.softsquared.gridgeTest.ios.InstagraChallenge.InstagramChallenge;
				PRODUCT_NAME = "$(TARGET_NAME)";
				SWIFT_EMIT_LOC_STRINGS = YES;
				SWIFT_VERSION = 5.0;
				TARGETED_DEVICE_FAMILY = "1,2";
			};
			name = Release;
		};
/* End XCBuildConfiguration section */

/* Begin XCConfigurationList section */
		9261E30F288E4F4D00A9094D /* Build configuration list for PBXProject "InstagramChallenge" */ = {
			isa = XCConfigurationList;
			buildConfigurations = (
				9261E326288E4F4E00A9094D /* Debug */,
				9261E327288E4F4E00A9094D /* Release */,
			);
			defaultConfigurationIsVisible = 0;
			defaultConfigurationName = Release;
		};
		9261E328288E4F4E00A9094D /* Build configuration list for PBXNativeTarget "InstagramChallenge" */ = {
			isa = XCConfigurationList;
			buildConfigurations = (
				9261E329288E4F4E00A9094D /* Debug */,
				9261E32A288E4F4E00A9094D /* Release */,
			);
			defaultConfigurationIsVisible = 0;
			defaultConfigurationName = Release;
		};
/* End XCConfigurationList section */
	};
	rootObject = 9261E30C288E4F4D00A9094D /* Project object */;
}
